
Microsoft Visual Studio Solution File, Format Version 12.00
# Visual Studio Version 17
VisualStudioVersion = 17.4.33205.214
MinimumVisualStudioVersion = 10.0.40219.1
Project("{FAE04EC0-301F-11D3-BF4B-00C04F79EFBC}") = "Lab 4", "Lab 4.csproj", "{020065B2-7055-4003-B00B-1A915726E2F2}"
EndProject
Global
	GlobalSection(SolutionConfigurationPlatforms) = preSolution
		Debug|Any CPU = Debug|Any CPU
		Release|Any CPU = Release|Any CPU
	EndGlobalSection
	GlobalSection(ProjectConfigurationPlatforms) = postSolution
		{020065B2-7055-4003-B00B-1A915726E2F2}.Debug|Any CPU.ActiveCfg = Debug|Any CPU
		{020065B2-7055-4003-B00B-1A915726E2F2}.Debug|Any CPU.Build.0 = Debug|Any CPU
		{020065B2-7055-4003-B00B-1A915726E2F2}.Release|Any CPU.ActiveCfg = Release|Any CPU
		{020065B2-7055-4003-B00B-1A915726E2F2}.Release|Any CPU.Build.0 = Release|Any CPU
	EndGlobalSection
	GlobalSection(SolutionProperties) = preSolution
		HideSolutionNode = FALSE
	EndGlobalSection
	GlobalSection(ExtensibilityGlobals) = postSolution
		SolutionGuid = {D6F62DAB-70D7-44D1-B164-D89852CD45E9}
	EndGlobalSection
EndGlobal
